// !$*UTF8*$!
{
	archiveVersion = 1;
	classes = {
	};
	objectVersion = 46;
	objects = {

/* Begin PBXBuildFile section */
		1DA0B613D518468C9A6A02A4 /* libPods.a in Frameworks */ = {isa = PBXBuildFile; fileRef = C70DA83392594FF4B0113C30 /* libPods.a */; };
		780F09B21801B88F00B9C5C3 /* CoreText.framework in Frameworks */ = {isa = PBXBuildFile; fileRef = 780F09B11801B88F00B9C5C3 /* CoreText.framework */; };
		780F09C018021ABD00B9C5C3 /* HNAttributedStyle.m in Sources */ = {isa = PBXBuildFile; fileRef = 780F09BD18021ABD00B9C5C3 /* HNAttributedStyle.m */; };
		780F09C118021ABD00B9C5C3 /* HNCommentString.m in Sources */ = {isa = PBXBuildFile; fileRef = 780F09BF18021ABD00B9C5C3 /* HNCommentString.m */; };
		782784C217C9814500CAD559 /* UIKit.framework in Frameworks */ = {isa = PBXBuildFile; fileRef = 782784C117C9814500CAD559 /* UIKit.framework */; };
		782784C417C9814500CAD559 /* Foundation.framework in Frameworks */ = {isa = PBXBuildFile; fileRef = 782784C317C9814500CAD559 /* Foundation.framework */; };
		782784C617C9814500CAD559 /* CoreGraphics.framework in Frameworks */ = {isa = PBXBuildFile; fileRef = 782784C517C9814500CAD559 /* CoreGraphics.framework */; };
		782784CC17C9814500CAD559 /* InfoPlist.strings in Resources */ = {isa = PBXBuildFile; fileRef = 782784CA17C9814500CAD559 /* InfoPlist.strings */; };
		782784CE17C9814500CAD559 /* main.m in Sources */ = {isa = PBXBuildFile; fileRef = 782784CD17C9814500CAD559 /* main.m */; };
		782784D217C9814500CAD559 /* HNAppDelegate.m in Sources */ = {isa = PBXBuildFile; fileRef = 782784D117C9814500CAD559 /* HNAppDelegate.m */; };
		78393F9C17E01C0B0003017F /* HNCommentVC.m in Sources */ = {isa = PBXBuildFile; fileRef = 78393F9B17E01C0B0003017F /* HNCommentVC.m */; };
		78393FA017E026D50003017F /* HNParser.m in Sources */ = {isa = PBXBuildFile; fileRef = 78393F9F17E026D50003017F /* HNParser.m */; };
		78393FA317E028190003017F /* HNCommentParser.m in Sources */ = {isa = PBXBuildFile; fileRef = 78393FA217E028190003017F /* HNCommentParser.m */; };
		784FD7A717E579820053A2E4 /* HNCommentCell.m in Sources */ = {isa = PBXBuildFile; fileRef = 784FD7A617E579820053A2E4 /* HNCommentCell.m */; };
		78705CF117FE714D006D9C84 /* HNTheme.m in Sources */ = {isa = PBXBuildFile; fileRef = 78705CF017FE714D006D9C84 /* HNTheme.m */; };
		78705CF417FE7C47006D9C84 /* chat@2x.png in Resources */ = {isa = PBXBuildFile; fileRef = 78705CF317FE7C47006D9C84 /* chat@2x.png */; };
		78705CFA17FE7DAA006D9C84 /* chat.png in Resources */ = {isa = PBXBuildFile; fileRef = 78705CF917FE7DAA006D9C84 /* chat.png */; };
		7890293D181A110300FA8CE0 /* HNLoadingCell.m in Sources */ = {isa = PBXBuildFile; fileRef = 7890293C181A110300FA8CE0 /* HNLoadingCell.m */; };
		7893910818145C74004E1E6F /* MobileCoreServices.framework in Frameworks */ = {isa = PBXBuildFile; fileRef = 7893910718145C74004E1E6F /* MobileCoreServices.framework */; };
		7893910A18145C7B004E1E6F /* SystemConfiguration.framework in Frameworks */ = {isa = PBXBuildFile; fileRef = 7893910918145C7B004E1E6F /* SystemConfiguration.framework */; };
		789533931818CC91000462A7 /* HNUtils.m in Sources */ = {isa = PBXBuildFile; fileRef = 789533921818CC91000462A7 /* HNUtils.m */; };
		78981A4A18074E8C000A44A8 /* HNCommentInfoCell.m in Sources */ = {isa = PBXBuildFile; fileRef = 78981A4918074E8C000A44A8 /* HNCommentInfoCell.m */; };
		789B4F17180E3FB800119C83 /* HNMainMenu.m in Sources */ = {isa = PBXBuildFile; fileRef = 789B4F16180E3FB800119C83 /* HNMainMenu.m */; };
		789B916E17E676070027BB74 /* HNCommentBlock.m in Sources */ = {isa = PBXBuildFile; fileRef = 789B916D17E676070027BB74 /* HNCommentBlock.m */; };
		789CC10F1800CA63004BB8E7 /* HNArticleContainerVC.m in Sources */ = {isa = PBXBuildFile; fileRef = 789CC10E1800CA63004BB8E7 /* HNArticleContainerVC.m */; };
		78C7663817F7E9B6008A31F5 /* HNTouchableView.m in Sources */ = {isa = PBXBuildFile; fileRef = 78C7663717F7E9B6008A31F5 /* HNTouchableView.m */; };
		78DF55E417D9513000FC3014 /* HNComment.m in Sources */ = {isa = PBXBuildFile; fileRef = 78DF55E317D9513000FC3014 /* HNComment.m */; };
		78E4076417D04B4400DC8CE0 /* HNArticleListVC.m in Sources */ = {isa = PBXBuildFile; fileRef = 78E4076317D04B4400DC8CE0 /* HNArticleListVC.m */; };
		78E4076817D278B100DC8CE0 /* HNWebBrowserVC.m in Sources */ = {isa = PBXBuildFile; fileRef = 78E4076717D278B100DC8CE0 /* HNWebBrowserVC.m */; };
		78E4076B17D2D11800DC8CE0 /* HNArticleCell.m in Sources */ = {isa = PBXBuildFile; fileRef = 78E4076A17D2D11700DC8CE0 /* HNArticleCell.m */; };
		78E570CF17D817FB00D53F99 /* HNDownloadController.m in Sources */ = {isa = PBXBuildFile; fileRef = 78E570CE17D817FB00D53F99 /* HNDownloadController.m */; };
		78E570D417D81C2C00D53F99 /* HNArticle.m in Sources */ = {isa = PBXBuildFile; fileRef = 78E570D317D81C2C00D53F99 /* HNArticle.m */; };
		A70B451F186202CF007348B7 /* HNLinkGetter.m in Sources */ = {isa = PBXBuildFile; fileRef = A70B451E186202CF007348B7 /* HNLinkGetter.m */; };
		A773338C1840455C006BF7E5 /* icon-80.png in Resources */ = {isa = PBXBuildFile; fileRef = A77333861840455C006BF7E5 /* icon-80.png */; };
		A773338D1840455C006BF7E5 /* icon-120.png in Resources */ = {isa = PBXBuildFile; fileRef = A77333871840455C006BF7E5 /* icon-120.png */; };
		A792DDFF184307080048E053 /* HNMenuLink.m in Sources */ = {isa = PBXBuildFile; fileRef = A792DDFE184307080048E053 /* HNMenuLink.m */; };
		A79586521829D9AB002299C0 /* triangle-blue-reverse.png in Resources */ = {isa = PBXBuildFile; fileRef = A795864D1829D9AB002299C0 /* triangle-blue-reverse.png */; };
		A79586531829D9AB002299C0 /* triangle-blue.png in Resources */ = {isa = PBXBuildFile; fileRef = A795864E1829D9AB002299C0 /* triangle-blue.png */; };
		A79586541829D9AB002299C0 /* triangle-grey-reverse.png in Resources */ = {isa = PBXBuildFile; fileRef = A795864F1829D9AB002299C0 /* triangle-grey-reverse.png */; };
		A79586551829D9AB002299C0 /* triangle-grey.png in Resources */ = {isa = PBXBuildFile; fileRef = A79586501829D9AB002299C0 /* triangle-grey.png */; };
		A79586561829D9AB002299C0 /* triangle-reverse.png in Resources */ = {isa = PBXBuildFile; fileRef = A79586511829D9AB002299C0 /* triangle-reverse.png */; };
		A79F260C183F05FC00A237B5 /* Default.png in Resources */ = {isa = PBXBuildFile; fileRef = A79F260A183F05FC00A237B5 /* Default.png */; };
		A79F260D183F05FC00A237B5 /* Default@2x.png in Resources */ = {isa = PBXBuildFile; fileRef = A79F260B183F05FC00A237B5 /* Default@2x.png */; };
		A79F260F183F063100A237B5 /* Default-568h@2x.png in Resources */ = {isa = PBXBuildFile; fileRef = A79F260E183F063100A237B5 /* Default-568h@2x.png */; };
		A7A417C518414094001F15FC /* HNAbout.m in Sources */ = {isa = PBXBuildFile; fileRef = A7A417C418414094001F15FC /* HNAbout.m */; };
		A7A417C7184162A2001F15FC /* Images.xcassets in Resources */ = {isa = PBXBuildFile; fileRef = A7A417C6184162A2001F15FC /* Images.xcassets */; };
		A7DFA86D18A9910F005BC27D /* HNConnectionStatusLabel.m in Sources */ = {isa = PBXBuildFile; fileRef = A7DFA86C18A9910F005BC27D /* HNConnectionStatusLabel.m */; };
		A7F985B81826DB9900A8D404 /* triangle.png in Resources */ = {isa = PBXBuildFile; fileRef = A7F985B71826DB9900A8D404 /* triangle.png */; };
		C90D132F1900BACB00BC6E4B /* github icon.png in Resources */ = {isa = PBXBuildFile; fileRef = C90D132E1900BACB00BC6E4B /* github icon.png */; };
		C90D13311900BB6600BC6E4B /* twitter-icon.png in Resources */ = {isa = PBXBuildFile; fileRef = C90D13301900BB6600BC6E4B /* twitter-icon.png */; };
		C90D13471902E78B00BC6E4B /* icon-76.png in Resources */ = {isa = PBXBuildFile; fileRef = C90D13441902E78B00BC6E4B /* icon-76.png */; };
		C90D13481902E78B00BC6E4B /* icon-144.png in Resources */ = {isa = PBXBuildFile; fileRef = C90D13451902E78B00BC6E4B /* icon-144.png */; };
		C90D13491902E78B00BC6E4B /* icon-152.png in Resources */ = {isa = PBXBuildFile; fileRef = C90D13461902E78B00BC6E4B /* icon-152.png */; };
		C90D136D1904CBC800BC6E4B /* iPad-Splash-768x1004.png in Resources */ = {isa = PBXBuildFile; fileRef = C90D13651904CBC800BC6E4B /* iPad-Splash-768x1004.png */; };
		C90D136E1904CBC800BC6E4B /* iPad-Splash-768x1024.png in Resources */ = {isa = PBXBuildFile; fileRef = C90D13661904CBC800BC6E4B /* iPad-Splash-768x1024.png */; };
		C90D136F1904CBC800BC6E4B /* iPad-Splash-1024x748.png in Resources */ = {isa = PBXBuildFile; fileRef = C90D13671904CBC800BC6E4B /* iPad-Splash-1024x748.png */; };
		C90D13701904CBC800BC6E4B /* iPad-Splash-1024x768.png in Resources */ = {isa = PBXBuildFile; fileRef = C90D13681904CBC800BC6E4B /* iPad-Splash-1024x768.png */; };
		C90D13711904CBC800BC6E4B /* iPad-Splash-1536x2008.png in Resources */ = {isa = PBXBuildFile; fileRef = C90D13691904CBC800BC6E4B /* iPad-Splash-1536x2008.png */; };
		C90D13721904CBC800BC6E4B /* iPad-Splash-1536x2048.png in Resources */ = {isa = PBXBuildFile; fileRef = C90D136A1904CBC800BC6E4B /* iPad-Splash-1536x2048.png */; };
		C90D13731904CBC800BC6E4B /* iPad-Splash-2048x1496.png in Resources */ = {isa = PBXBuildFile; fileRef = C90D136B1904CBC800BC6E4B /* iPad-Splash-2048x1496.png */; };
		C90D13741904CBC800BC6E4B /* iPad-Splash-2048x1536.png in Resources */ = {isa = PBXBuildFile; fileRef = C90D136C1904CBC800BC6E4B /* iPad-Splash-2048x1536.png */; };
		C90D13761904CDA500BC6E4B /* icon-29.png in Resources */ = {isa = PBXBuildFile; fileRef = C90D13751904CDA500BC6E4B /* icon-29.png */; };
		C90D137A1904CDB900BC6E4B /* icon-57.png in Resources */ = {isa = PBXBuildFile; fileRef = C90D13771904CDB900BC6E4B /* icon-57.png */; };
		C90D137B1904CDB900BC6E4B /* Icon-58.png in Resources */ = {isa = PBXBuildFile; fileRef = C90D13781904CDB900BC6E4B /* Icon-58.png */; };
		C90D137C1904CDB900BC6E4B /* Icon-114.png in Resources */ = {isa = PBXBuildFile; fileRef = C90D13791904CDB900BC6E4B /* Icon-114.png */; };
		C90D13811904CE1200BC6E4B /* icon-40.png in Resources */ = {isa = PBXBuildFile; fileRef = C90D137D1904CE1200BC6E4B /* icon-40.png */; };
		C90D13821904CE1200BC6E4B /* icon-50.png in Resources */ = {isa = PBXBuildFile; fileRef = C90D137E1904CE1200BC6E4B /* icon-50.png */; };
		C90D13831904CE1200BC6E4B /* icon-60.png in Resources */ = {isa = PBXBuildFile; fileRef = C90D137F1904CE1200BC6E4B /* icon-60.png */; };
		C90D13841904CE1200BC6E4B /* icon-100.png in Resources */ = {isa = PBXBuildFile; fileRef = C90D13801904CE1200BC6E4B /* icon-100.png */; };
		C90D13861904CF0D00BC6E4B /* icon-72.png in Resources */ = {isa = PBXBuildFile; fileRef = C90D13851904CF0D00BC6E4B /* icon-72.png */; };
		C934DA1E18F203A5001AA740 /* libGoogleAnalyticsServices.a in Frameworks */ = {isa = PBXBuildFile; fileRef = C934DA1C18F20363001AA740 /* libGoogleAnalyticsServices.a */; };
		C938E23018DBF16D00D1BD54 /* AdSupport.framework in Frameworks */ = {isa = PBXBuildFile; fileRef = C938E22F18DBF16D00D1BD54 /* AdSupport.framework */; };
		C938E23218DBF17B00D1BD54 /* CoreData.framework in Frameworks */ = {isa = PBXBuildFile; fileRef = C938E23118DBF17B00D1BD54 /* CoreData.framework */; };
		C938E23418DBF19C00D1BD54 /* libz.dylib in Frameworks */ = {isa = PBXBuildFile; fileRef = C938E23318DBF19C00D1BD54 /* libz.dylib */; };
		C94C70DA196CDC3B005139BC /* HNIconDownloadController.m in Sources */ = {isa = PBXBuildFile; fileRef = C94C70D9196CDC3B005139BC /* HNIconDownloadController.m */; };
		C94C70DC196CE5E6005139BC /* default_icon.png in Resources */ = {isa = PBXBuildFile; fileRef = C94C70DB196CE5E6005139BC /* default_icon.png */; };
/* End PBXBuildFile section */

/* Begin PBXFileReference section */
		095A44AB58404E64A01006F0 /* Pods.xcconfig */ = {isa = PBXFileReference; includeInIndex = 1; lastKnownFileType = text.xcconfig; name = Pods.xcconfig; path = Pods/Pods.xcconfig; sourceTree = SOURCE_ROOT; };
		780F09B11801B88F00B9C5C3 /* CoreText.framework */ = {isa = PBXFileReference; lastKnownFileType = wrapper.framework; name = CoreText.framework; path = System/Library/Frameworks/CoreText.framework; sourceTree = SDKROOT; };
		780F09BC18021ABD00B9C5C3 /* HNAttributedStyle.h */ = {isa = PBXFileReference; fileEncoding = 4; lastKnownFileType = sourcecode.c.h; name = HNAttributedStyle.h; path = Models/HNAttributedStyle.h; sourceTree = "<group>"; };
		780F09BD18021ABD00B9C5C3 /* HNAttributedStyle.m */ = {isa = PBXFileReference; fileEncoding = 4; lastKnownFileType = sourcecode.c.objc; name = HNAttributedStyle.m; path = Models/HNAttributedStyle.m; sourceTree = "<group>"; };
		780F09BE18021ABD00B9C5C3 /* HNCommentString.h */ = {isa = PBXFileReference; fileEncoding = 4; lastKnownFileType = sourcecode.c.h; name = HNCommentString.h; path = Models/HNCommentString.h; sourceTree = "<group>"; };
		780F09BF18021ABD00B9C5C3 /* HNCommentString.m */ = {isa = PBXFileReference; fileEncoding = 4; lastKnownFileType = sourcecode.c.objc; name = HNCommentString.m; path = Models/HNCommentString.m; sourceTree = "<group>"; };
		782784BD17C9814500CAD559 /* HN Zero.app */ = {isa = PBXFileReference; explicitFileType = wrapper.application; includeInIndex = 0; path = "HN Zero.app"; sourceTree = BUILT_PRODUCTS_DIR; };
		782784C117C9814500CAD559 /* UIKit.framework */ = {isa = PBXFileReference; lastKnownFileType = wrapper.framework; name = UIKit.framework; path = System/Library/Frameworks/UIKit.framework; sourceTree = SDKROOT; };
		782784C317C9814500CAD559 /* Foundation.framework */ = {isa = PBXFileReference; lastKnownFileType = wrapper.framework; name = Foundation.framework; path = System/Library/Frameworks/Foundation.framework; sourceTree = SDKROOT; };
		782784C517C9814500CAD559 /* CoreGraphics.framework */ = {isa = PBXFileReference; lastKnownFileType = wrapper.framework; name = CoreGraphics.framework; path = System/Library/Frameworks/CoreGraphics.framework; sourceTree = SDKROOT; };
		782784C917C9814500CAD559 /* HN Zero-Info.plist */ = {isa = PBXFileReference; lastKnownFileType = text.plist.xml; path = "HN Zero-Info.plist"; sourceTree = "<group>"; };
		782784CB17C9814500CAD559 /* en */ = {isa = PBXFileReference; lastKnownFileType = text.plist.strings; name = en; path = en.lproj/InfoPlist.strings; sourceTree = "<group>"; };
		782784CD17C9814500CAD559 /* main.m */ = {isa = PBXFileReference; lastKnownFileType = sourcecode.c.objc; path = main.m; sourceTree = "<group>"; };
		782784CF17C9814500CAD559 /* HN Zero-Prefix.pch */ = {isa = PBXFileReference; lastKnownFileType = sourcecode.c.h; path = "HN Zero-Prefix.pch"; sourceTree = "<group>"; };
		782784D017C9814500CAD559 /* HNAppDelegate.h */ = {isa = PBXFileReference; lastKnownFileType = sourcecode.c.h; path = HNAppDelegate.h; sourceTree = "<group>"; };
		782784D117C9814500CAD559 /* HNAppDelegate.m */ = {isa = PBXFileReference; lastKnownFileType = sourcecode.c.objc; path = HNAppDelegate.m; sourceTree = "<group>"; };
		78393F9A17E01C0B0003017F /* HNCommentVC.h */ = {isa = PBXFileReference; fileEncoding = 4; lastKnownFileType = sourcecode.c.h; name = HNCommentVC.h; path = ViewControllers/HNCommentVC.h; sourceTree = "<group>"; };
		78393F9B17E01C0B0003017F /* HNCommentVC.m */ = {isa = PBXFileReference; fileEncoding = 4; lastKnownFileType = sourcecode.c.objc; name = HNCommentVC.m; path = ViewControllers/HNCommentVC.m; sourceTree = "<group>"; };
		78393F9E17E026D50003017F /* HNParser.h */ = {isa = PBXFileReference; fileEncoding = 4; lastKnownFileType = sourcecode.c.h; name = HNParser.h; path = Parser/HNParser.h; sourceTree = "<group>"; };
		78393F9F17E026D50003017F /* HNParser.m */ = {isa = PBXFileReference; fileEncoding = 4; lastKnownFileType = sourcecode.c.objc; name = HNParser.m; path = Parser/HNParser.m; sourceTree = "<group>"; };
		78393FA117E028190003017F /* HNCommentParser.h */ = {isa = PBXFileReference; fileEncoding = 4; lastKnownFileType = sourcecode.c.h; name = HNCommentParser.h; path = Parser/HNCommentParser.h; sourceTree = "<group>"; };
		78393FA217E028190003017F /* HNCommentParser.m */ = {isa = PBXFileReference; fileEncoding = 4; lastKnownFileType = sourcecode.c.objc; name = HNCommentParser.m; path = Parser/HNCommentParser.m; sourceTree = "<group>"; };
		784FD7A517E579820053A2E4 /* HNCommentCell.h */ = {isa = PBXFileReference; fileEncoding = 4; lastKnownFileType = sourcecode.c.h; name = HNCommentCell.h; path = Views/HNCommentCell.h; sourceTree = "<group>"; };
		784FD7A617E579820053A2E4 /* HNCommentCell.m */ = {isa = PBXFileReference; fileEncoding = 4; lastKnownFileType = sourcecode.c.objc; name = HNCommentCell.m; path = Views/HNCommentCell.m; sourceTree = "<group>"; };
		78705CEF17FE714D006D9C84 /* HNTheme.h */ = {isa = PBXFileReference; fileEncoding = 4; lastKnownFileType = sourcecode.c.h; name = HNTheme.h; path = Models/HNTheme.h; sourceTree = "<group>"; };
		78705CF017FE714D006D9C84 /* HNTheme.m */ = {isa = PBXFileReference; fileEncoding = 4; lastKnownFileType = sourcecode.c.objc; name = HNTheme.m; path = Models/HNTheme.m; sourceTree = "<group>"; };
		78705CF317FE7C47006D9C84 /* chat@2x.png */ = {isa = PBXFileReference; lastKnownFileType = image.png; name = "chat@2x.png"; path = "Resources/chat@2x.png"; sourceTree = "<group>"; };
		78705CF917FE7DAA006D9C84 /* chat.png */ = {isa = PBXFileReference; lastKnownFileType = image.png; name = chat.png; path = Resources/chat.png; sourceTree = "<group>"; };
		7890293B181A110300FA8CE0 /* HNLoadingCell.h */ = {isa = PBXFileReference; fileEncoding = 4; lastKnownFileType = sourcecode.c.h; name = HNLoadingCell.h; path = Views/HNLoadingCell.h; sourceTree = "<group>"; };
		7890293C181A110300FA8CE0 /* HNLoadingCell.m */ = {isa = PBXFileReference; fileEncoding = 4; lastKnownFileType = sourcecode.c.objc; name = HNLoadingCell.m; path = Views/HNLoadingCell.m; sourceTree = "<group>"; };
		7893910718145C74004E1E6F /* MobileCoreServices.framework */ = {isa = PBXFileReference; lastKnownFileType = wrapper.framework; name = MobileCoreServices.framework; path = System/Library/Frameworks/MobileCoreServices.framework; sourceTree = SDKROOT; };
		7893910918145C7B004E1E6F /* SystemConfiguration.framework */ = {isa = PBXFileReference; lastKnownFileType = wrapper.framework; name = SystemConfiguration.framework; path = System/Library/Frameworks/SystemConfiguration.framework; sourceTree = SDKROOT; };
		789533911818CC91000462A7 /* HNUtils.h */ = {isa = PBXFileReference; fileEncoding = 4; lastKnownFileType = sourcecode.c.h; name = HNUtils.h; path = Utilities/HNUtils.h; sourceTree = "<group>"; };
		789533921818CC91000462A7 /* HNUtils.m */ = {isa = PBXFileReference; fileEncoding = 4; lastKnownFileType = sourcecode.c.objc; name = HNUtils.m; path = Utilities/HNUtils.m; sourceTree = "<group>"; };
		78981A4818074E8C000A44A8 /* HNCommentInfoCell.h */ = {isa = PBXFileReference; fileEncoding = 4; lastKnownFileType = sourcecode.c.h; name = HNCommentInfoCell.h; path = Views/HNCommentInfoCell.h; sourceTree = "<group>"; };
		78981A4918074E8C000A44A8 /* HNCommentInfoCell.m */ = {isa = PBXFileReference; fileEncoding = 4; lastKnownFileType = sourcecode.c.objc; name = HNCommentInfoCell.m; path = Views/HNCommentInfoCell.m; sourceTree = "<group>"; };
		789B4F15180E3FB800119C83 /* HNMainMenu.h */ = {isa = PBXFileReference; fileEncoding = 4; lastKnownFileType = sourcecode.c.h; name = HNMainMenu.h; path = ViewControllers/HNMainMenu.h; sourceTree = "<group>"; };
		789B4F16180E3FB800119C83 /* HNMainMenu.m */ = {isa = PBXFileReference; fileEncoding = 4; lastKnownFileType = sourcecode.c.objc; name = HNMainMenu.m; path = ViewControllers/HNMainMenu.m; sourceTree = "<group>"; };
		789B916C17E676070027BB74 /* HNCommentBlock.h */ = {isa = PBXFileReference; fileEncoding = 4; lastKnownFileType = sourcecode.c.h; name = HNCommentBlock.h; path = Models/HNCommentBlock.h; sourceTree = "<group>"; };
		789B916D17E676070027BB74 /* HNCommentBlock.m */ = {isa = PBXFileReference; fileEncoding = 4; lastKnownFileType = sourcecode.c.objc; name = HNCommentBlock.m; path = Models/HNCommentBlock.m; sourceTree = "<group>"; };
		789CC10D1800CA63004BB8E7 /* HNArticleContainerVC.h */ = {isa = PBXFileReference; fileEncoding = 4; lastKnownFileType = sourcecode.c.h; name = HNArticleContainerVC.h; path = ViewControllers/HNArticleContainerVC.h; sourceTree = "<group>"; };
		789CC10E1800CA63004BB8E7 /* HNArticleContainerVC.m */ = {isa = PBXFileReference; fileEncoding = 4; lastKnownFileType = sourcecode.c.objc; name = HNArticleContainerVC.m; path = ViewControllers/HNArticleContainerVC.m; sourceTree = "<group>"; };
		78C7663617F7E9B6008A31F5 /* HNTouchableView.h */ = {isa = PBXFileReference; fileEncoding = 4; lastKnownFileType = sourcecode.c.h; name = HNTouchableView.h; path = Views/HNTouchableView.h; sourceTree = "<group>"; };
		78C7663717F7E9B6008A31F5 /* HNTouchableView.m */ = {isa = PBXFileReference; fileEncoding = 4; lastKnownFileType = sourcecode.c.objc; name = HNTouchableView.m; path = Views/HNTouchableView.m; sourceTree = "<group>"; };
		78DF55E217D9513000FC3014 /* HNComment.h */ = {isa = PBXFileReference; fileEncoding = 4; lastKnownFileType = sourcecode.c.h; name = HNComment.h; path = Models/HNComment.h; sourceTree = "<group>"; };
		78DF55E317D9513000FC3014 /* HNComment.m */ = {isa = PBXFileReference; fileEncoding = 4; lastKnownFileType = sourcecode.c.objc; name = HNComment.m; path = Models/HNComment.m; sourceTree = "<group>"; };
		78E4076217D04B4400DC8CE0 /* HNArticleListVC.h */ = {isa = PBXFileReference; fileEncoding = 4; lastKnownFileType = sourcecode.c.h; name = HNArticleListVC.h; path = ViewControllers/HNArticleListVC.h; sourceTree = "<group>"; };
		78E4076317D04B4400DC8CE0 /* HNArticleListVC.m */ = {isa = PBXFileReference; fileEncoding = 4; lastKnownFileType = sourcecode.c.objc; name = HNArticleListVC.m; path = ViewControllers/HNArticleListVC.m; sourceTree = "<group>"; };
		78E4076617D278B100DC8CE0 /* HNWebBrowserVC.h */ = {isa = PBXFileReference; fileEncoding = 4; lastKnownFileType = sourcecode.c.h; name = HNWebBrowserVC.h; path = ViewControllers/HNWebBrowserVC.h; sourceTree = "<group>"; };
		78E4076717D278B100DC8CE0 /* HNWebBrowserVC.m */ = {isa = PBXFileReference; fileEncoding = 4; lastKnownFileType = sourcecode.c.objc; name = HNWebBrowserVC.m; path = ViewControllers/HNWebBrowserVC.m; sourceTree = "<group>"; };
		78E4076917D2D11700DC8CE0 /* HNArticleCell.h */ = {isa = PBXFileReference; fileEncoding = 4; lastKnownFileType = sourcecode.c.h; name = HNArticleCell.h; path = Views/HNArticleCell.h; sourceTree = "<group>"; };
		78E4076A17D2D11700DC8CE0 /* HNArticleCell.m */ = {isa = PBXFileReference; fileEncoding = 4; lastKnownFileType = sourcecode.c.objc; name = HNArticleCell.m; path = Views/HNArticleCell.m; sourceTree = "<group>"; };
		78E570CD17D817FB00D53F99 /* HNDownloadController.h */ = {isa = PBXFileReference; fileEncoding = 4; lastKnownFileType = sourcecode.c.h; name = HNDownloadController.h; path = Controllers/HNDownloadController.h; sourceTree = "<group>"; };
		78E570CE17D817FB00D53F99 /* HNDownloadController.m */ = {isa = PBXFileReference; fileEncoding = 4; lastKnownFileType = sourcecode.c.objc; name = HNDownloadController.m; path = Controllers/HNDownloadController.m; sourceTree = "<group>"; };
		78E570D217D81C2C00D53F99 /* HNArticle.h */ = {isa = PBXFileReference; fileEncoding = 4; lastKnownFileType = sourcecode.c.h; name = HNArticle.h; path = Models/HNArticle.h; sourceTree = "<group>"; };
		78E570D317D81C2C00D53F99 /* HNArticle.m */ = {isa = PBXFileReference; fileEncoding = 4; lastKnownFileType = sourcecode.c.objc; name = HNArticle.m; path = Models/HNArticle.m; sourceTree = "<group>"; };
		A70B451D186202CF007348B7 /* HNLinkGetter.h */ = {isa = PBXFileReference; fileEncoding = 4; lastKnownFileType = sourcecode.c.h; name = HNLinkGetter.h; path = Controllers/HNLinkGetter.h; sourceTree = "<group>"; };
		A70B451E186202CF007348B7 /* HNLinkGetter.m */ = {isa = PBXFileReference; fileEncoding = 4; lastKnownFileType = sourcecode.c.objc; name = HNLinkGetter.m; path = Controllers/HNLinkGetter.m; sourceTree = "<group>"; };
		A77333861840455C006BF7E5 /* icon-80.png */ = {isa = PBXFileReference; lastKnownFileType = image.png; name = "icon-80.png"; path = "Resources/icon-80.png"; sourceTree = "<group>"; };
		A77333871840455C006BF7E5 /* icon-120.png */ = {isa = PBXFileReference; lastKnownFileType = image.png; name = "icon-120.png"; path = "Resources/icon-120.png"; sourceTree = "<group>"; };
		A792DDFD184307080048E053 /* HNMenuLink.h */ = {isa = PBXFileReference; fileEncoding = 4; lastKnownFileType = sourcecode.c.h; name = HNMenuLink.h; path = Models/HNMenuLink.h; sourceTree = "<group>"; };
		A792DDFE184307080048E053 /* HNMenuLink.m */ = {isa = PBXFileReference; fileEncoding = 4; lastKnownFileType = sourcecode.c.objc; name = HNMenuLink.m; path = Models/HNMenuLink.m; sourceTree = "<group>"; };
		A795864D1829D9AB002299C0 /* triangle-blue-reverse.png */ = {isa = PBXFileReference; lastKnownFileType = image.png; name = "triangle-blue-reverse.png"; path = "Resources/triangle-blue-reverse.png"; sourceTree = "<group>"; };
		A795864E1829D9AB002299C0 /* triangle-blue.png */ = {isa = PBXFileReference; lastKnownFileType = image.png; name = "triangle-blue.png"; path = "Resources/triangle-blue.png"; sourceTree = "<group>"; };
		A795864F1829D9AB002299C0 /* triangle-grey-reverse.png */ = {isa = PBXFileReference; lastKnownFileType = image.png; name = "triangle-grey-reverse.png"; path = "Resources/triangle-grey-reverse.png"; sourceTree = "<group>"; };
		A79586501829D9AB002299C0 /* triangle-grey.png */ = {isa = PBXFileReference; lastKnownFileType = image.png; name = "triangle-grey.png"; path = "Resources/triangle-grey.png"; sourceTree = "<group>"; };
		A79586511829D9AB002299C0 /* triangle-reverse.png */ = {isa = PBXFileReference; lastKnownFileType = image.png; name = "triangle-reverse.png"; path = "Resources/triangle-reverse.png"; sourceTree = "<group>"; };
		A79F260A183F05FC00A237B5 /* Default.png */ = {isa = PBXFileReference; lastKnownFileType = image.png; name = Default.png; path = Resources/Default.png; sourceTree = "<group>"; };
		A79F260B183F05FC00A237B5 /* Default@2x.png */ = {isa = PBXFileReference; lastKnownFileType = image.png; name = "Default@2x.png"; path = "Resources/Default@2x.png"; sourceTree = "<group>"; };
		A79F260E183F063100A237B5 /* Default-568h@2x.png */ = {isa = PBXFileReference; lastKnownFileType = image.png; name = "Default-568h@2x.png"; path = "Resources/Default-568h@2x.png"; sourceTree = "<group>"; };
		A7A417C318414094001F15FC /* HNAbout.h */ = {isa = PBXFileReference; fileEncoding = 4; lastKnownFileType = sourcecode.c.h; name = HNAbout.h; path = ViewControllers/HNAbout.h; sourceTree = "<group>"; };
		A7A417C418414094001F15FC /* HNAbout.m */ = {isa = PBXFileReference; fileEncoding = 4; lastKnownFileType = sourcecode.c.objc; name = HNAbout.m; path = ViewControllers/HNAbout.m; sourceTree = "<group>"; };
		A7A417C6184162A2001F15FC /* Images.xcassets */ = {isa = PBXFileReference; lastKnownFileType = folder.assetcatalog; name = Images.xcassets; path = "../HN Zero/Images.xcassets"; sourceTree = "<group>"; };
		A7DFA86B18A9910F005BC27D /* HNConnectionStatusLabel.h */ = {isa = PBXFileReference; fileEncoding = 4; lastKnownFileType = sourcecode.c.h; name = HNConnectionStatusLabel.h; path = Views/HNConnectionStatusLabel.h; sourceTree = "<group>"; };
		A7DFA86C18A9910F005BC27D /* HNConnectionStatusLabel.m */ = {isa = PBXFileReference; fileEncoding = 4; lastKnownFileType = sourcecode.c.objc; name = HNConnectionStatusLabel.m; path = Views/HNConnectionStatusLabel.m; sourceTree = "<group>"; };
		A7F985B71826DB9900A8D404 /* triangle.png */ = {isa = PBXFileReference; lastKnownFileType = image.png; name = triangle.png; path = Resources/triangle.png; sourceTree = "<group>"; };
		C70DA83392594FF4B0113C30 /* libPods.a */ = {isa = PBXFileReference; explicitFileType = archive.ar; includeInIndex = 0; path = libPods.a; sourceTree = BUILT_PRODUCTS_DIR; };
		C90D132E1900BACB00BC6E4B /* github icon.png */ = {isa = PBXFileReference; lastKnownFileType = image.png; name = "github icon.png"; path = "Resources/github icon.png"; sourceTree = "<group>"; };
		C90D13301900BB6600BC6E4B /* twitter-icon.png */ = {isa = PBXFileReference; lastKnownFileType = image.png; name = "twitter-icon.png"; path = "Resources/twitter-icon.png"; sourceTree = "<group>"; };
		C90D13441902E78B00BC6E4B /* icon-76.png */ = {isa = PBXFileReference; lastKnownFileType = image.png; name = "icon-76.png"; path = "Resources/icon-76.png"; sourceTree = "<group>"; };
		C90D13451902E78B00BC6E4B /* icon-144.png */ = {isa = PBXFileReference; lastKnownFileType = image.png; name = "icon-144.png"; path = "Resources/icon-144.png"; sourceTree = "<group>"; };
		C90D13461902E78B00BC6E4B /* icon-152.png */ = {isa = PBXFileReference; lastKnownFileType = image.png; name = "icon-152.png"; path = "Resources/icon-152.png"; sourceTree = "<group>"; };
		C90D13651904CBC800BC6E4B /* iPad-Splash-768x1004.png */ = {isa = PBXFileReference; lastKnownFileType = image.png; name = "iPad-Splash-768x1004.png"; path = "Resources/iPad-Splash-768x1004.png"; sourceTree = "<group>"; };
		C90D13661904CBC800BC6E4B /* iPad-Splash-768x1024.png */ = {isa = PBXFileReference; lastKnownFileType = image.png; name = "iPad-Splash-768x1024.png"; path = "Resources/iPad-Splash-768x1024.png"; sourceTree = "<group>"; };
		C90D13671904CBC800BC6E4B /* iPad-Splash-1024x748.png */ = {isa = PBXFileReference; lastKnownFileType = image.png; name = "iPad-Splash-1024x748.png"; path = "Resources/iPad-Splash-1024x748.png"; sourceTree = "<group>"; };
		C90D13681904CBC800BC6E4B /* iPad-Splash-1024x768.png */ = {isa = PBXFileReference; lastKnownFileType = image.png; name = "iPad-Splash-1024x768.png"; path = "Resources/iPad-Splash-1024x768.png"; sourceTree = "<group>"; };
		C90D13691904CBC800BC6E4B /* iPad-Splash-1536x2008.png */ = {isa = PBXFileReference; lastKnownFileType = image.png; name = "iPad-Splash-1536x2008.png"; path = "Resources/iPad-Splash-1536x2008.png"; sourceTree = "<group>"; };
		C90D136A1904CBC800BC6E4B /* iPad-Splash-1536x2048.png */ = {isa = PBXFileReference; lastKnownFileType = image.png; name = "iPad-Splash-1536x2048.png"; path = "Resources/iPad-Splash-1536x2048.png"; sourceTree = "<group>"; };
		C90D136B1904CBC800BC6E4B /* iPad-Splash-2048x1496.png */ = {isa = PBXFileReference; lastKnownFileType = image.png; name = "iPad-Splash-2048x1496.png"; path = "Resources/iPad-Splash-2048x1496.png"; sourceTree = "<group>"; };
		C90D136C1904CBC800BC6E4B /* iPad-Splash-2048x1536.png */ = {isa = PBXFileReference; lastKnownFileType = image.png; name = "iPad-Splash-2048x1536.png"; path = "Resources/iPad-Splash-2048x1536.png"; sourceTree = "<group>"; };
		C90D13751904CDA500BC6E4B /* icon-29.png */ = {isa = PBXFileReference; lastKnownFileType = image.png; name = "icon-29.png"; path = "Resources/icon-29.png"; sourceTree = "<group>"; };
		C90D13771904CDB900BC6E4B /* icon-57.png */ = {isa = PBXFileReference; lastKnownFileType = image.png; name = "icon-57.png"; path = "Resources/icon-57.png"; sourceTree = "<group>"; };
		C90D13781904CDB900BC6E4B /* Icon-58.png */ = {isa = PBXFileReference; lastKnownFileType = image.png; name = "Icon-58.png"; path = "Resources/Icon-58.png"; sourceTree = "<group>"; };
		C90D13791904CDB900BC6E4B /* Icon-114.png */ = {isa = PBXFileReference; lastKnownFileType = image.png; name = "Icon-114.png"; path = "Resources/Icon-114.png"; sourceTree = "<group>"; };
		C90D137D1904CE1200BC6E4B /* icon-40.png */ = {isa = PBXFileReference; lastKnownFileType = image.png; name = "icon-40.png"; path = "Resources/icon-40.png"; sourceTree = "<group>"; };
		C90D137E1904CE1200BC6E4B /* icon-50.png */ = {isa = PBXFileReference; lastKnownFileType = image.png; name = "icon-50.png"; path = "Resources/icon-50.png"; sourceTree = "<group>"; };
		C90D137F1904CE1200BC6E4B /* icon-60.png */ = {isa = PBXFileReference; lastKnownFileType = image.png; name = "icon-60.png"; path = "Resources/icon-60.png"; sourceTree = "<group>"; };
		C90D13801904CE1200BC6E4B /* icon-100.png */ = {isa = PBXFileReference; lastKnownFileType = image.png; name = "icon-100.png"; path = "Resources/icon-100.png"; sourceTree = "<group>"; };
		C90D13851904CF0D00BC6E4B /* icon-72.png */ = {isa = PBXFileReference; lastKnownFileType = image.png; name = "icon-72.png"; path = "Resources/icon-72.png"; sourceTree = "<group>"; };
		C934DA1618F20363001AA740 /* GAI.h */ = {isa = PBXFileReference; fileEncoding = 4; lastKnownFileType = sourcecode.c.h; name = GAI.h; path = Utilities/GoogleAnalytics/GAI.h; sourceTree = "<group>"; };
		C934DA1718F20363001AA740 /* GAIDictionaryBuilder.h */ = {isa = PBXFileReference; fileEncoding = 4; lastKnownFileType = sourcecode.c.h; name = GAIDictionaryBuilder.h; path = Utilities/GoogleAnalytics/GAIDictionaryBuilder.h; sourceTree = "<group>"; };
		C934DA1818F20363001AA740 /* GAIFields.h */ = {isa = PBXFileReference; fileEncoding = 4; lastKnownFileType = sourcecode.c.h; name = GAIFields.h; path = Utilities/GoogleAnalytics/GAIFields.h; sourceTree = "<group>"; };
		C934DA1918F20363001AA740 /* GAILogger.h */ = {isa = PBXFileReference; fileEncoding = 4; lastKnownFileType = sourcecode.c.h; name = GAILogger.h; path = Utilities/GoogleAnalytics/GAILogger.h; sourceTree = "<group>"; };
		C934DA1A18F20363001AA740 /* GAITrackedViewController.h */ = {isa = PBXFileReference; fileEncoding = 4; lastKnownFileType = sourcecode.c.h; name = GAITrackedViewController.h; path = Utilities/GoogleAnalytics/GAITrackedViewController.h; sourceTree = "<group>"; };
		C934DA1B18F20363001AA740 /* GAITracker.h */ = {isa = PBXFileReference; fileEncoding = 4; lastKnownFileType = sourcecode.c.h; name = GAITracker.h; path = Utilities/GoogleAnalytics/GAITracker.h; sourceTree = "<group>"; };
		C934DA1C18F20363001AA740 /* libGoogleAnalyticsServices.a */ = {isa = PBXFileReference; lastKnownFileType = archive.ar; name = libGoogleAnalyticsServices.a; path = Utilities/GoogleAnalytics/libGoogleAnalyticsServices.a; sourceTree = "<group>"; };
		C938E22F18DBF16D00D1BD54 /* AdSupport.framework */ = {isa = PBXFileReference; lastKnownFileType = wrapper.framework; name = AdSupport.framework; path = System/Library/Frameworks/AdSupport.framework; sourceTree = SDKROOT; };
		C938E23118DBF17B00D1BD54 /* CoreData.framework */ = {isa = PBXFileReference; lastKnownFileType = wrapper.framework; name = CoreData.framework; path = System/Library/Frameworks/CoreData.framework; sourceTree = SDKROOT; };
		C938E23318DBF19C00D1BD54 /* libz.dylib */ = {isa = PBXFileReference; lastKnownFileType = "compiled.mach-o.dylib"; name = libz.dylib; path = usr/lib/libz.dylib; sourceTree = SDKROOT; };
		C94C70D8196CDC3B005139BC /* HNIconDownloadController.h */ = {isa = PBXFileReference; fileEncoding = 4; lastKnownFileType = sourcecode.c.h; name = HNIconDownloadController.h; path = Controllers/HNIconDownloadController.h; sourceTree = "<group>"; };
		C94C70D9196CDC3B005139BC /* HNIconDownloadController.m */ = {isa = PBXFileReference; fileEncoding = 4; lastKnownFileType = sourcecode.c.objc; name = HNIconDownloadController.m; path = Controllers/HNIconDownloadController.m; sourceTree = "<group>"; };
		C94C70DB196CE5E6005139BC /* default_icon.png */ = {isa = PBXFileReference; lastKnownFileType = image.png; name = default_icon.png; path = Resources/default_icon.png; sourceTree = "<group>"; };
/* End PBXFileReference section */

/* Begin PBXFrameworksBuildPhase section */
		782784BA17C9814500CAD559 /* Frameworks */ = {
			isa = PBXFrameworksBuildPhase;
			buildActionMask = 2147483647;
			files = (
				C934DA1E18F203A5001AA740 /* libGoogleAnalyticsServices.a in Frameworks */,
				C938E23418DBF19C00D1BD54 /* libz.dylib in Frameworks */,
				7893910A18145C7B004E1E6F /* SystemConfiguration.framework in Frameworks */,
				C938E23218DBF17B00D1BD54 /* CoreData.framework in Frameworks */,
				C938E23018DBF16D00D1BD54 /* AdSupport.framework in Frameworks */,
				7893910818145C74004E1E6F /* MobileCoreServices.framework in Frameworks */,
				780F09B21801B88F00B9C5C3 /* CoreText.framework in Frameworks */,
				782784C217C9814500CAD559 /* UIKit.framework in Frameworks */,
				782784C417C9814500CAD559 /* Foundation.framework in Frameworks */,
				782784C617C9814500CAD559 /* CoreGraphics.framework in Frameworks */,
				1DA0B613D518468C9A6A02A4 /* libPods.a in Frameworks */,
			);
			runOnlyForDeploymentPostprocessing = 0;
		};
/* End PBXFrameworksBuildPhase section */

/* Begin PBXGroup section */
		782784B217C9814400CAD559 = {
			isa = PBXGroup;
			children = (
				780F09B11801B88F00B9C5C3 /* CoreText.framework */,
				782784C717C9814500CAD559 /* HackerNews */,
				782784C017C9814500CAD559 /* Frameworks */,
				782784BE17C9814500CAD559 /* Products */,
				095A44AB58404E64A01006F0 /* Pods.xcconfig */,
			);
			sourceTree = "<group>";
		};
		782784BE17C9814500CAD559 /* Products */ = {
			isa = PBXGroup;
			children = (
				782784BD17C9814500CAD559 /* HN Zero.app */,
			);
			name = Products;
			sourceTree = "<group>";
		};
		782784C017C9814500CAD559 /* Frameworks */ = {
			isa = PBXGroup;
			children = (
				C938E23318DBF19C00D1BD54 /* libz.dylib */,
				C938E23118DBF17B00D1BD54 /* CoreData.framework */,
				C938E22F18DBF16D00D1BD54 /* AdSupport.framework */,
				7893910918145C7B004E1E6F /* SystemConfiguration.framework */,
				7893910718145C74004E1E6F /* MobileCoreServices.framework */,
				782784C117C9814500CAD559 /* UIKit.framework */,
				782784C317C9814500CAD559 /* Foundation.framework */,
				782784C517C9814500CAD559 /* CoreGraphics.framework */,
				C70DA83392594FF4B0113C30 /* libPods.a */,
			);
			name = Frameworks;
			sourceTree = "<group>";
		};
		782784C717C9814500CAD559 /* HackerNews */ = {
			isa = PBXGroup;
			children = (
				782784D017C9814500CAD559 /* HNAppDelegate.h */,
				782784D117C9814500CAD559 /* HNAppDelegate.m */,
				78E570D117D8181600D53F99 /* Controllers */,
				78E4076F17D3D1F600DC8CE0 /* Models */,
				78393F9D17E026030003017F /* Parser */,
				78EAD07B17F8CF970023287A /* Resources */,
				782784C817C9814500CAD559 /* Supporting Files */,
				789533901818CC5E000462A7 /* Utilities */,
				78E4077017D3D1FE00DC8CE0 /* ViewControllers */,
				78E4077117D3D22200DC8CE0 /* Views */,
			);
			path = HackerNews;
			sourceTree = "<group>";
		};
		782784C817C9814500CAD559 /* Supporting Files */ = {
			isa = PBXGroup;
			children = (
				A7A417C6184162A2001F15FC /* Images.xcassets */,
				C90D13601904C8BD00BC6E4B /* Splash */,
				C90D135F1904C89A00BC6E4B /* Icons */,
				782784C917C9814500CAD559 /* HN Zero-Info.plist */,
				782784CA17C9814500CAD559 /* InfoPlist.strings */,
				782784CD17C9814500CAD559 /* main.m */,
				782784CF17C9814500CAD559 /* HN Zero-Prefix.pch */,
			);
			name = "Supporting Files";
			sourceTree = "<group>";
		};
		78393F9D17E026030003017F /* Parser */ = {
			isa = PBXGroup;
			children = (
				78393F9E17E026D50003017F /* HNParser.h */,
				78393F9F17E026D50003017F /* HNParser.m */,
				78393FA117E028190003017F /* HNCommentParser.h */,
				78393FA217E028190003017F /* HNCommentParser.m */,
			);
			name = Parser;
			sourceTree = "<group>";
		};
		789533901818CC5E000462A7 /* Utilities */ = {
			isa = PBXGroup;
			children = (
				C938E22018DBEFDA00D1BD54 /* Google Analytics */,
				789533911818CC91000462A7 /* HNUtils.h */,
				789533921818CC91000462A7 /* HNUtils.m */,
			);
			name = Utilities;
			sourceTree = "<group>";
		};
		78E4076F17D3D1F600DC8CE0 /* Models */ = {
			isa = PBXGroup;
			children = (
				78E570D217D81C2C00D53F99 /* HNArticle.h */,
				78E570D317D81C2C00D53F99 /* HNArticle.m */,
				780F09BC18021ABD00B9C5C3 /* HNAttributedStyle.h */,
				780F09BD18021ABD00B9C5C3 /* HNAttributedStyle.m */,
				78DF55E217D9513000FC3014 /* HNComment.h */,
				78DF55E317D9513000FC3014 /* HNComment.m */,
				789B916C17E676070027BB74 /* HNCommentBlock.h */,
				789B916D17E676070027BB74 /* HNCommentBlock.m */,
				780F09BE18021ABD00B9C5C3 /* HNCommentString.h */,
				780F09BF18021ABD00B9C5C3 /* HNCommentString.m */,
				A792DDFD184307080048E053 /* HNMenuLink.h */,
				A792DDFE184307080048E053 /* HNMenuLink.m */,
				78705CEF17FE714D006D9C84 /* HNTheme.h */,
				78705CF017FE714D006D9C84 /* HNTheme.m */,
			);
			name = Models;
			sourceTree = "<group>";
		};
		78E4077017D3D1FE00DC8CE0 /* ViewControllers */ = {
			isa = PBXGroup;
			children = (
				789CC10D1800CA63004BB8E7 /* HNArticleContainerVC.h */,
				789CC10E1800CA63004BB8E7 /* HNArticleContainerVC.m */,
				78E4076217D04B4400DC8CE0 /* HNArticleListVC.h */,
				78E4076317D04B4400DC8CE0 /* HNArticleListVC.m */,
				78393F9A17E01C0B0003017F /* HNCommentVC.h */,
				78393F9B17E01C0B0003017F /* HNCommentVC.m */,
				78E4076617D278B100DC8CE0 /* HNWebBrowserVC.h */,
				78E4076717D278B100DC8CE0 /* HNWebBrowserVC.m */,
				789B4F15180E3FB800119C83 /* HNMainMenu.h */,
				789B4F16180E3FB800119C83 /* HNMainMenu.m */,
				A7A417C318414094001F15FC /* HNAbout.h */,
				A7A417C418414094001F15FC /* HNAbout.m */,
			);
			name = ViewControllers;
			sourceTree = "<group>";
		};
		78E4077117D3D22200DC8CE0 /* Views */ = {
			isa = PBXGroup;
			children = (
				78E4076917D2D11700DC8CE0 /* HNArticleCell.h */,
				78E4076A17D2D11700DC8CE0 /* HNArticleCell.m */,
				784FD7A517E579820053A2E4 /* HNCommentCell.h */,
				784FD7A617E579820053A2E4 /* HNCommentCell.m */,
				78981A4818074E8C000A44A8 /* HNCommentInfoCell.h */,
				78981A4918074E8C000A44A8 /* HNCommentInfoCell.m */,
				7890293B181A110300FA8CE0 /* HNLoadingCell.h */,
				7890293C181A110300FA8CE0 /* HNLoadingCell.m */,
				78C7663617F7E9B6008A31F5 /* HNTouchableView.h */,
				78C7663717F7E9B6008A31F5 /* HNTouchableView.m */,
				A7DFA86B18A9910F005BC27D /* HNConnectionStatusLabel.h */,
				A7DFA86C18A9910F005BC27D /* HNConnectionStatusLabel.m */,
			);
			name = Views;
			sourceTree = "<group>";
		};
		78E570D117D8181600D53F99 /* Controllers */ = {
			isa = PBXGroup;
			children = (
				78E570CD17D817FB00D53F99 /* HNDownloadController.h */,
				78E570CE17D817FB00D53F99 /* HNDownloadController.m */,
				A70B451D186202CF007348B7 /* HNLinkGetter.h */,
				A70B451E186202CF007348B7 /* HNLinkGetter.m */,
				C94C70D8196CDC3B005139BC /* HNIconDownloadController.h */,
				C94C70D9196CDC3B005139BC /* HNIconDownloadController.m */,
			);
			name = Controllers;
			sourceTree = "<group>";
		};
		78EAD07B17F8CF970023287A /* Resources */ = {
			isa = PBXGroup;
			children = (
				C94C70DB196CE5E6005139BC /* default_icon.png */,
				C90D132E1900BACB00BC6E4B /* github icon.png */,
				C90D13301900BB6600BC6E4B /* twitter-icon.png */,
				A795864D1829D9AB002299C0 /* triangle-blue-reverse.png */,
				A795864E1829D9AB002299C0 /* triangle-blue.png */,
				A795864F1829D9AB002299C0 /* triangle-grey-reverse.png */,
				A79586501829D9AB002299C0 /* triangle-grey.png */,
				A79586511829D9AB002299C0 /* triangle-reverse.png */,
				A7F985B71826DB9900A8D404 /* triangle.png */,
				78705CF917FE7DAA006D9C84 /* chat.png */,
				78705CF317FE7C47006D9C84 /* chat@2x.png */,
			);
			name = Resources;
			sourceTree = "<group>";
		};
		C90D135F1904C89A00BC6E4B /* Icons */ = {
			isa = PBXGroup;
			children = (
				C90D137D1904CE1200BC6E4B /* icon-40.png */,
				C90D137E1904CE1200BC6E4B /* icon-50.png */,
				C90D13771904CDB900BC6E4B /* icon-57.png */,
				C90D137F1904CE1200BC6E4B /* icon-60.png */,
				C90D13751904CDA500BC6E4B /* icon-29.png */,
				C90D13851904CF0D00BC6E4B /* icon-72.png */,
				C90D13441902E78B00BC6E4B /* icon-76.png */,
				A77333861840455C006BF7E5 /* icon-80.png */,
				C90D13781904CDB900BC6E4B /* Icon-58.png */,
				C90D13801904CE1200BC6E4B /* icon-100.png */,
				C90D13791904CDB900BC6E4B /* Icon-114.png */,
				A77333871840455C006BF7E5 /* icon-120.png */,
				C90D13451902E78B00BC6E4B /* icon-144.png */,
				C90D13461902E78B00BC6E4B /* icon-152.png */,
			);
			name = Icons;
			sourceTree = "<group>";
		};
		C90D13601904C8BD00BC6E4B /* Splash */ = {
			isa = PBXGroup;
			children = (
				C90D13621904C8F000BC6E4B /* iPad */,
				C90D13611904C8E700BC6E4B /* iPhone */,
			);
			name = Splash;
			sourceTree = "<group>";
		};
		C90D13611904C8E700BC6E4B /* iPhone */ = {
			isa = PBXGroup;
			children = (
				A79F260E183F063100A237B5 /* Default-568h@2x.png */,
				A79F260A183F05FC00A237B5 /* Default.png */,
				A79F260B183F05FC00A237B5 /* Default@2x.png */,
			);
			name = iPhone;
			sourceTree = "<group>";
		};
		C90D13621904C8F000BC6E4B /* iPad */ = {
			isa = PBXGroup;
			children = (
				C90D13651904CBC800BC6E4B /* iPad-Splash-768x1004.png */,
				C90D13661904CBC800BC6E4B /* iPad-Splash-768x1024.png */,
				C90D13671904CBC800BC6E4B /* iPad-Splash-1024x748.png */,
				C90D13681904CBC800BC6E4B /* iPad-Splash-1024x768.png */,
				C90D13691904CBC800BC6E4B /* iPad-Splash-1536x2008.png */,
				C90D136A1904CBC800BC6E4B /* iPad-Splash-1536x2048.png */,
				C90D136B1904CBC800BC6E4B /* iPad-Splash-2048x1496.png */,
				C90D136C1904CBC800BC6E4B /* iPad-Splash-2048x1536.png */,
			);
			name = iPad;
			sourceTree = "<group>";
		};
		C938E22018DBEFDA00D1BD54 /* Google Analytics */ = {
			isa = PBXGroup;
			children = (
				C934DA1618F20363001AA740 /* GAI.h */,
				C934DA1718F20363001AA740 /* GAIDictionaryBuilder.h */,
				C934DA1818F20363001AA740 /* GAIFields.h */,
				C934DA1918F20363001AA740 /* GAILogger.h */,
				C934DA1A18F20363001AA740 /* GAITrackedViewController.h */,
				C934DA1B18F20363001AA740 /* GAITracker.h */,
				C934DA1C18F20363001AA740 /* libGoogleAnalyticsServices.a */,
			);
			name = "Google Analytics";
			sourceTree = "<group>";
		};
/* End PBXGroup section */

/* Begin PBXNativeTarget section */
		782784BC17C9814500CAD559 /* HN Zero */ = {
			isa = PBXNativeTarget;
			buildConfigurationList = 782784DB17C9814500CAD559 /* Build configuration list for PBXNativeTarget "HN Zero" */;
			buildPhases = (
				6A2566923C8044479C7136DC /* Check Pods Manifest.lock */,
				782784B917C9814500CAD559 /* Sources */,
				782784BA17C9814500CAD559 /* Frameworks */,
				782784BB17C9814500CAD559 /* Resources */,
				3D223A5E4D5E4AF4B6A6801B /* Copy Pods Resources */,
			);
			buildRules = (
			);
			dependencies = (
			);
			name = "HN Zero";
			productName = HackerNews;
			productReference = 782784BD17C9814500CAD559 /* HN Zero.app */;
			productType = "com.apple.product-type.application";
		};
/* End PBXNativeTarget section */

/* Begin PBXProject section */
		782784B417C9814400CAD559 /* Project object */ = {
			isa = PBXProject;
			attributes = {
				CLASSPREFIX = HN;
				LastUpgradeCheck = 0450;
				ORGANIZATIONNAME = "Matthew Stanford";
			};
			buildConfigurationList = 782784B717C9814400CAD559 /* Build configuration list for PBXProject "HN Zero" */;
			compatibilityVersion = "Xcode 3.2";
			developmentRegion = English;
			hasScannedForEncodings = 0;
			knownRegions = (
				en,
			);
			mainGroup = 782784B217C9814400CAD559;
			productRefGroup = 782784BE17C9814500CAD559 /* Products */;
			projectDirPath = "";
			projectRoot = "";
			targets = (
				782784BC17C9814500CAD559 /* HN Zero */,
			);
		};
/* End PBXProject section */

/* Begin PBXResourcesBuildPhase section */
		782784BB17C9814500CAD559 /* Resources */ = {
			isa = PBXResourcesBuildPhase;
			buildActionMask = 2147483647;
			files = (
				A79586531829D9AB002299C0 /* triangle-blue.png in Resources */,
				A79586521829D9AB002299C0 /* triangle-blue-reverse.png in Resources */,
				C90D13761904CDA500BC6E4B /* icon-29.png in Resources */,
				A79586561829D9AB002299C0 /* triangle-reverse.png in Resources */,
				782784CC17C9814500CAD559 /* InfoPlist.strings in Resources */,
				C90D13741904CBC800BC6E4B /* iPad-Splash-2048x1536.png in Resources */,
				A773338C1840455C006BF7E5 /* icon-80.png in Resources */,
				A79F260D183F05FC00A237B5 /* Default@2x.png in Resources */,
				C90D13861904CF0D00BC6E4B /* icon-72.png in Resources */,
				C90D137C1904CDB900BC6E4B /* Icon-114.png in Resources */,
				C90D137B1904CDB900BC6E4B /* Icon-58.png in Resources */,
				A79F260F183F063100A237B5 /* Default-568h@2x.png in Resources */,
				C90D136E1904CBC800BC6E4B /* iPad-Splash-768x1024.png in Resources */,
				C90D13841904CE1200BC6E4B /* icon-100.png in Resources */,
				C90D137A1904CDB900BC6E4B /* icon-57.png in Resources */,
				C90D136D1904CBC800BC6E4B /* iPad-Splash-768x1004.png in Resources */,
				C90D13811904CE1200BC6E4B /* icon-40.png in Resources */,
				C90D13471902E78B00BC6E4B /* icon-76.png in Resources */,
				A79586541829D9AB002299C0 /* triangle-grey-reverse.png in Resources */,
				A773338D1840455C006BF7E5 /* icon-120.png in Resources */,
				C90D132F1900BACB00BC6E4B /* github icon.png in Resources */,
				C90D13311900BB6600BC6E4B /* twitter-icon.png in Resources */,
				C90D136F1904CBC800BC6E4B /* iPad-Splash-1024x748.png in Resources */,
				A79F260C183F05FC00A237B5 /* Default.png in Resources */,
				C94C70DC196CE5E6005139BC /* default_icon.png in Resources */,
				C90D13721904CBC800BC6E4B /* iPad-Splash-1536x2048.png in Resources */,
				78705CF417FE7C47006D9C84 /* chat@2x.png in Resources */,
				C90D13711904CBC800BC6E4B /* iPad-Splash-1536x2008.png in Resources */,
				A7F985B81826DB9900A8D404 /* triangle.png in Resources */,
				C90D13491902E78B00BC6E4B /* icon-152.png in Resources */,
				C90D13731904CBC800BC6E4B /* iPad-Splash-2048x1496.png in Resources */,
				A79586551829D9AB002299C0 /* triangle-grey.png in Resources */,
				C90D13481902E78B00BC6E4B /* icon-144.png in Resources */,
				C90D13831904CE1200BC6E4B /* icon-60.png in Resources */,
				A7A417C7184162A2001F15FC /* Images.xcassets in Resources */,
				78705CFA17FE7DAA006D9C84 /* chat.png in Resources */,
				C90D13701904CBC800BC6E4B /* iPad-Splash-1024x768.png in Resources */,
				C90D13821904CE1200BC6E4B /* icon-50.png in Resources */,
			);
			runOnlyForDeploymentPostprocessing = 0;
		};
/* End PBXResourcesBuildPhase section */

/* Begin PBXShellScriptBuildPhase section */
		3D223A5E4D5E4AF4B6A6801B /* Copy Pods Resources */ = {
			isa = PBXShellScriptBuildPhase;
			buildActionMask = 2147483647;
			files = (
			);
			inputPaths = (
			);
			name = "Copy Pods Resources";
			outputPaths = (
			);
			runOnlyForDeploymentPostprocessing = 0;
			shellPath = /bin/sh;
			shellScript = "\"${SRCROOT}/Pods/Pods-resources.sh\"\n";
			showEnvVarsInLog = 0;
		};
		6A2566923C8044479C7136DC /* Check Pods Manifest.lock */ = {
			isa = PBXShellScriptBuildPhase;
			buildActionMask = 2147483647;
			files = (
			);
			inputPaths = (
			);
			name = "Check Pods Manifest.lock";
			outputPaths = (
			);
			runOnlyForDeploymentPostprocessing = 0;
			shellPath = /bin/sh;
			shellScript = "diff \"${PODS_ROOT}/../Podfile.lock\" \"${PODS_ROOT}/Manifest.lock\" > /dev/null\nif [[ $? != 0 ]] ; then\n    cat << EOM\nerror: The sandbox is not in sync with the Podfile.lock. Run 'pod install' or update your CocoaPods installation.\nEOM\n    exit 1\nfi\n";
			showEnvVarsInLog = 0;
		};
/* End PBXShellScriptBuildPhase section */

/* Begin PBXSourcesBuildPhase section */
		782784B917C9814500CAD559 /* Sources */ = {
			isa = PBXSourcesBuildPhase;
			buildActionMask = 2147483647;
			files = (
				A792DDFF184307080048E053 /* HNMenuLink.m in Sources */,
				782784CE17C9814500CAD559 /* main.m in Sources */,
				782784D217C9814500CAD559 /* HNAppDelegate.m in Sources */,
				78E4076417D04B4400DC8CE0 /* HNArticleListVC.m in Sources */,
				A7A417C518414094001F15FC /* HNAbout.m in Sources */,
				A70B451F186202CF007348B7 /* HNLinkGetter.m in Sources */,
				78E4076817D278B100DC8CE0 /* HNWebBrowserVC.m in Sources */,
				7890293D181A110300FA8CE0 /* HNLoadingCell.m in Sources */,
				A7DFA86D18A9910F005BC27D /* HNConnectionStatusLabel.m in Sources */,
				78E4076B17D2D11800DC8CE0 /* HNArticleCell.m in Sources */,
				78E570CF17D817FB00D53F99 /* HNDownloadController.m in Sources */,
				78E570D417D81C2C00D53F99 /* HNArticle.m in Sources */,
				78DF55E417D9513000FC3014 /* HNComment.m in Sources */,
				78393F9C17E01C0B0003017F /* HNCommentVC.m in Sources */,
				78393FA017E026D50003017F /* HNParser.m in Sources */,
				78393FA317E028190003017F /* HNCommentParser.m in Sources */,
				784FD7A717E579820053A2E4 /* HNCommentCell.m in Sources */,
				C94C70DA196CDC3B005139BC /* HNIconDownloadController.m in Sources */,
				789B916E17E676070027BB74 /* HNCommentBlock.m in Sources */,
				78C7663817F7E9B6008A31F5 /* HNTouchableView.m in Sources */,
				78705CF117FE714D006D9C84 /* HNTheme.m in Sources */,
				789CC10F1800CA63004BB8E7 /* HNArticleContainerVC.m in Sources */,
				780F09C018021ABD00B9C5C3 /* HNAttributedStyle.m in Sources */,
				780F09C118021ABD00B9C5C3 /* HNCommentString.m in Sources */,
				789533931818CC91000462A7 /* HNUtils.m in Sources */,
				78981A4A18074E8C000A44A8 /* HNCommentInfoCell.m in Sources */,
				789B4F17180E3FB800119C83 /* HNMainMenu.m in Sources */,
			);
			runOnlyForDeploymentPostprocessing = 0;
		};
/* End PBXSourcesBuildPhase section */

/* Begin PBXVariantGroup section */
		782784CA17C9814500CAD559 /* InfoPlist.strings */ = {
			isa = PBXVariantGroup;
			children = (
				782784CB17C9814500CAD559 /* en */,
			);
			name = InfoPlist.strings;
			sourceTree = "<group>";
		};
/* End PBXVariantGroup section */

/* Begin XCBuildConfiguration section */
		782784D917C9814500CAD559 /* Debug */ = {
			isa = XCBuildConfiguration;
			buildSettings = {
				ALWAYS_SEARCH_USER_PATHS = NO;
				ARCHS = "$(ARCHS_STANDARD)";
				CLANG_CXX_LANGUAGE_STANDARD = "gnu++0x";
				CLANG_CXX_LIBRARY = "libc++";
				CLANG_ENABLE_OBJC_ARC = YES;
				CLANG_WARN_EMPTY_BODY = YES;
				CLANG_WARN__DUPLICATE_METHOD_MATCH = YES;
				"CODE_SIGN_IDENTITY[sdk=iphoneos*]" = "iPhone Developer: Matthew Stanford (7TGHRWY59S)";
				COPY_PHASE_STRIP = NO;
				GCC_C_LANGUAGE_STANDARD = gnu99;
				GCC_DYNAMIC_NO_PIC = NO;
				GCC_OPTIMIZATION_LEVEL = 0;
				GCC_PREPROCESSOR_DEFINITIONS = (
					"DEBUG=1",
					"$(inherited)",
				);
				GCC_SYMBOLS_PRIVATE_EXTERN = NO;
				GCC_WARN_ABOUT_RETURN_TYPE = YES;
				GCC_WARN_UNINITIALIZED_AUTOS = YES;
				GCC_WARN_UNUSED_VARIABLE = YES;
				IPHONEOS_DEPLOYMENT_TARGET = 6.0;
				ONLY_ACTIVE_ARCH = YES;
				PROVISIONING_PROFILE = "4F965924-6109-4671-9643-80482CC87AF7";
				SDKROOT = iphoneos;
			};
			name = Debug;
		};
		782784DA17C9814500CAD559 /* Release */ = {
			isa = XCBuildConfiguration;
			buildSettings = {
				ALWAYS_SEARCH_USER_PATHS = NO;
				ARCHS = "$(ARCHS_STANDARD)";
				CLANG_CXX_LANGUAGE_STANDARD = "gnu++0x";
				CLANG_CXX_LIBRARY = "libc++";
				CLANG_ENABLE_OBJC_ARC = YES;
				CLANG_WARN_EMPTY_BODY = YES;
				CLANG_WARN__DUPLICATE_METHOD_MATCH = YES;
				"CODE_SIGN_IDENTITY[sdk=iphoneos*]" = "iPhone Distribution: Matthew Stanford (735H4JCR7N)";
				COPY_PHASE_STRIP = YES;
				GCC_C_LANGUAGE_STANDARD = gnu99;
				GCC_WARN_ABOUT_RETURN_TYPE = YES;
				GCC_WARN_UNINITIALIZED_AUTOS = YES;
				GCC_WARN_UNUSED_VARIABLE = YES;
				IPHONEOS_DEPLOYMENT_TARGET = 6.0;
				OTHER_CFLAGS = "-DNS_BLOCK_ASSERTIONS=1";
				PROVISIONING_PROFILE = "4F965924-6109-4671-9643-80482CC87AF7";
				SDKROOT = iphoneos;
				VALIDATE_PRODUCT = YES;
			};
			name = Release;
		};
		782784DC17C9814500CAD559 /* Debug */ = {
			isa = XCBuildConfiguration;
			baseConfigurationReference = 095A44AB58404E64A01006F0 /* Pods.xcconfig */;
			buildSettings = {
				ASSETCATALOG_COMPILER_APPICON_NAME = AppIcon;
				ASSETCATALOG_COMPILER_LAUNCHIMAGE_NAME = LaunchImage;
				CODE_SIGN_IDENTITY = "iPhone Developer: Matthew Stanford (7TGHRWY59S)";
				"CODE_SIGN_IDENTITY[sdk=iphoneos*]" = "iPhone Developer";
				GCC_PRECOMPILE_PREFIX_HEADER = YES;
				GCC_PREFIX_HEADER = "HackerNews/HN Zero-Prefix.pch";
				INFOPLIST_FILE = "HackerNews/HN Zero-Info.plist";
				IPHONEOS_DEPLOYMENT_TARGET = 6.0;
				LIBRARY_SEARCH_PATHS = (
					"$(inherited)",
					"$(PROJECT_DIR)/HackerNews/Utilities/GoogleAnalytics",
				);
				ONLY_ACTIVE_ARCH = YES;
				PRODUCT_NAME = "HN Zero";
				PROVISIONING_PROFILE = "EEF2849C-20E8-47E4-AFAB-9867FB7861F2";
				"PROVISIONING_PROFILE[sdk=iphoneos*]" = "EEF2849C-20E8-47E4-AFAB-9867FB7861F2";
				TARGETED_DEVICE_FAMILY = "1,2";
				VALIDATE_PRODUCT = YES;
				WRAPPER_EXTENSION = app;
			};
			name = Debug;
		};
		782784DD17C9814500CAD559 /* Release */ = {
			isa = XCBuildConfiguration;
			baseConfigurationReference = 095A44AB58404E64A01006F0 /* Pods.xcconfig */;
			buildSettings = {
				ASSETCATALOG_COMPILER_APPICON_NAME = AppIcon;
				ASSETCATALOG_COMPILER_LAUNCHIMAGE_NAME = LaunchImage;
				"CODE_SIGN_IDENTITY[sdk=iphoneos*]" = "iPhone Distribution: Matthew Stanford (735H4JCR7N)";
				GCC_PRECOMPILE_PREFIX_HEADER = YES;
				GCC_PREFIX_HEADER = "HackerNews/HN Zero-Prefix.pch";
				INFOPLIST_FILE = "HackerNews/HN Zero-Info.plist";
				IPHONEOS_DEPLOYMENT_TARGET = 6.0;
				LIBRARY_SEARCH_PATHS = (
					"$(inherited)",
					"$(PROJECT_DIR)/HackerNews/Utilities/GoogleAnalytics",
				);
				ONLY_ACTIVE_ARCH = YES;
				PRODUCT_NAME = "HN Zero";
				PROVISIONING_PROFILE = "4F965924-6109-4671-9643-80482CC87AF7";
				TARGETED_DEVICE_FAMILY = "1,2";
				VALIDATE_PRODUCT = YES;
				WRAPPER_EXTENSION = app;
			};
			name = Release;
		};
/* End XCBuildConfiguration section */

/* Begin XCConfigurationList section */
		782784B717C9814400CAD559 /* Build configuration list for PBXProject "HN Zero" */ = {
			isa = XCConfigurationList;
			buildConfigurations = (
				782784D917C9814500CAD559 /* Debug */,
				782784DA17C9814500CAD559 /* Release */,
			);
			defaultConfigurationIsVisible = 0;
			defaultConfigurationName = Release;
		};
		782784DB17C9814500CAD559 /* Build configuration list for PBXNativeTarget "HN Zero" */ = {
			isa = XCConfigurationList;
			buildConfigurations = (
				782784DC17C9814500CAD559 /* Debug */,
				782784DD17C9814500CAD559 /* Release */,
			);
			defaultConfigurationIsVisible = 0;
			defaultConfigurationName = Release;
		};
/* End XCConfigurationList section */
	};
	rootObject = 782784B417C9814400CAD559 /* Project object */;
}
